
Microsoft Visual Studio Solution File, Format Version 12.00
# Visual Studio Version 16
VisualStudioVersion = 16.0.32228.343
MinimumVisualStudioVersion = 10.0.40219.1
Project("{FAE04EC0-301F-11D3-BF4B-00C04F79EFBC}") = "BarsCollections", "BarsCollections\BarsCollections.csproj", "{FD981738-6796-4B0B-9C19-322944CC9CFE}"
EndProject
Global
	GlobalSection(SolutionConfigurationPlatforms) = preSolution
		Debug|Any CPU = Debug|Any CPU
		Release|Any CPU = Release|Any CPU
	EndGlobalSection
	GlobalSection(ProjectConfigurationPlatforms) = postSolution
		{FD981738-6796-4B0B-9C19-322944CC9CFE}.Debug|Any CPU.ActiveCfg = Debug|Any CPU
		{FD981738-6796-4B0B-9C19-322944CC9CFE}.Debug|Any CPU.Build.0 = Debug|Any CPU
		{FD981738-6796-4B0B-9C19-322944CC9CFE}.Release|Any CPU.ActiveCfg = Release|Any CPU
		{FD981738-6796-4B0B-9C19-322944CC9CFE}.Release|Any CPU.Build.0 = Release|Any CPU
	EndGlobalSection
	GlobalSection(SolutionProperties) = preSolution
		HideSolutionNode = FALSE
	EndGlobalSection
	GlobalSection(ExtensibilityGlobals) = postSolution
		SolutionGuid = {316E602D-82D9-417D-90D0-224F9995E6EB}
	EndGlobalSection
EndGlobal
